
Microsoft Visual Studio Solution File, Format Version 12.00
Project("{2150E333-8FDC-42A3-9474-1A3956D46DE8}") = "Src", "Src", "{15407A61-A6C9-4AD4-B8B3-E36A054E634F}"
EndProject
Project("{2150E333-8FDC-42A3-9474-1A3956D46DE8}") = "Core", "Core", "{6A14ABB7-66E9-47B9-B85C-5AE84980DD8C}"
EndProject
Project("{2150E333-8FDC-42A3-9474-1A3956D46DE8}") = "Infrastructure", "Infrastructure", "{212B1ACB-5EF9-49BB-BF3C-1494B59F1625}"
EndProject
Project("{2150E333-8FDC-42A3-9474-1A3956D46DE8}") = "Presentation", "Presentation", "{9DDDA0B8-6E20-4555-ADE5-210D6B2A17D5}"
EndProject
Project("{FAE04EC0-301F-11D3-BF4B-00C04F79EFBC}") = "UMS.Application", "UMS.Application\UMS.Application.csproj", "{08097D36-D05E-4010-A3EA-2EFADE0CD77C}"
EndProject
Project("{FAE04EC0-301F-11D3-BF4B-00C04F79EFBC}") = "UMS.Domain", "UMS.Domain\UMS.Domain.csproj", "{EAAB21E3-985B-4E1E-9E05-E0B6371EAFB6}"
EndProject
Project("{FAE04EC0-301F-11D3-BF4B-00C04F79EFBC}") = "EmailServiceTools", "EmailServiceTools\EmailServiceTools.csproj", "{BED7395F-2D4E-472C-9C03-102FDDCBCC02}"
EndProject
Project("{FAE04EC0-301F-11D3-BF4B-00C04F79EFBC}") = "UMS.Infrastructure", "UMS.Infrastructure\UMS.Infrastructure.csproj", "{F9A17A8D-9C6A-4219-9D9D-87357A3837B2}"
EndProject
Project("{FAE04EC0-301F-11D3-BF4B-00C04F79EFBC}") = "UMS.Infrastructure.Abstraction", "UMS.Infrastructure.Abstraction\UMS.Infrastructure.Abstraction.csproj", "{3F27BE4C-8D4E-47BE-BE36-43B6FB176B4A}"
EndProject
Project("{FAE04EC0-301F-11D3-BF4B-00C04F79EFBC}") = "UMS.Persistence", "UMS.Persistence\UMS.Persistence.csproj", "{B1A9F4BB-DA06-4611-8B81-906AAB6070A3}"
EndProject
Project("{FAE04EC0-301F-11D3-BF4B-00C04F79EFBC}") = "UMS.WebAPI", "UMS.WebAPI\UMS.WebAPI.csproj", "{BF937835-CF96-42B9-8F44-EC85B218B86C}"
EndProject
Global
	GlobalSection(SolutionConfigurationPlatforms) = preSolution
		Debug|Any CPU = Debug|Any CPU
		Release|Any CPU = Release|Any CPU
	EndGlobalSection
	GlobalSection(ProjectConfigurationPlatforms) = postSolution
		{08097D36-D05E-4010-A3EA-2EFADE0CD77C}.Debug|Any CPU.ActiveCfg = Debug|Any CPU
		{08097D36-D05E-4010-A3EA-2EFADE0CD77C}.Debug|Any CPU.Build.0 = Debug|Any CPU
		{08097D36-D05E-4010-A3EA-2EFADE0CD77C}.Release|Any CPU.ActiveCfg = Release|Any CPU
		{08097D36-D05E-4010-A3EA-2EFADE0CD77C}.Release|Any CPU.Build.0 = Release|Any CPU
		{EAAB21E3-985B-4E1E-9E05-E0B6371EAFB6}.Debug|Any CPU.ActiveCfg = Debug|Any CPU
		{EAAB21E3-985B-4E1E-9E05-E0B6371EAFB6}.Debug|Any CPU.Build.0 = Debug|Any CPU
		{EAAB21E3-985B-4E1E-9E05-E0B6371EAFB6}.Release|Any CPU.ActiveCfg = Release|Any CPU
		{EAAB21E3-985B-4E1E-9E05-E0B6371EAFB6}.Release|Any CPU.Build.0 = Release|Any CPU
		{BED7395F-2D4E-472C-9C03-102FDDCBCC02}.Debug|Any CPU.ActiveCfg = Debug|Any CPU
		{BED7395F-2D4E-472C-9C03-102FDDCBCC02}.Debug|Any CPU.Build.0 = Debug|Any CPU
		{BED7395F-2D4E-472C-9C03-102FDDCBCC02}.Release|Any CPU.ActiveCfg = Release|Any CPU
		{BED7395F-2D4E-472C-9C03-102FDDCBCC02}.Release|Any CPU.Build.0 = Release|Any CPU
		{F9A17A8D-9C6A-4219-9D9D-87357A3837B2}.Debug|Any CPU.ActiveCfg = Debug|Any CPU
		{F9A17A8D-9C6A-4219-9D9D-87357A3837B2}.Debug|Any CPU.Build.0 = Debug|Any CPU
		{F9A17A8D-9C6A-4219-9D9D-87357A3837B2}.Release|Any CPU.ActiveCfg = Release|Any CPU
		{F9A17A8D-9C6A-4219-9D9D-87357A3837B2}.Release|Any CPU.Build.0 = Release|Any CPU
		{3F27BE4C-8D4E-47BE-BE36-43B6FB176B4A}.Debug|Any CPU.ActiveCfg = Debug|Any CPU
		{3F27BE4C-8D4E-47BE-BE36-43B6FB176B4A}.Debug|Any CPU.Build.0 = Debug|Any CPU
		{3F27BE4C-8D4E-47BE-BE36-43B6FB176B4A}.Release|Any CPU.ActiveCfg = Release|Any CPU
		{3F27BE4C-8D4E-47BE-BE36-43B6FB176B4A}.Release|Any CPU.Build.0 = Release|Any CPU
		{B1A9F4BB-DA06-4611-8B81-906AAB6070A3}.Debug|Any CPU.ActiveCfg = Debug|Any CPU
		{B1A9F4BB-DA06-4611-8B81-906AAB6070A3}.Debug|Any CPU.Build.0 = Debug|Any CPU
		{B1A9F4BB-DA06-4611-8B81-906AAB6070A3}.Release|Any CPU.ActiveCfg = Release|Any CPU
		{B1A9F4BB-DA06-4611-8B81-906AAB6070A3}.Release|Any CPU.Build.0 = Release|Any CPU
		{BF937835-CF96-42B9-8F44-EC85B218B86C}.Debug|Any CPU.ActiveCfg = Debug|Any CPU
		{BF937835-CF96-42B9-8F44-EC85B218B86C}.Debug|Any CPU.Build.0 = Debug|Any CPU
		{BF937835-CF96-42B9-8F44-EC85B218B86C}.Release|Any CPU.ActiveCfg = Release|Any CPU
		{BF937835-CF96-42B9-8F44-EC85B218B86C}.Release|Any CPU.Build.0 = Release|Any CPU
	EndGlobalSection
	GlobalSection(NestedProjects) = preSolution
		{6A14ABB7-66E9-47B9-B85C-5AE84980DD8C} = {15407A61-A6C9-4AD4-B8B3-E36A054E634F}
		{212B1ACB-5EF9-49BB-BF3C-1494B59F1625} = {15407A61-A6C9-4AD4-B8B3-E36A054E634F}
		{9DDDA0B8-6E20-4555-ADE5-210D6B2A17D5} = {15407A61-A6C9-4AD4-B8B3-E36A054E634F}
		{08097D36-D05E-4010-A3EA-2EFADE0CD77C} = {6A14ABB7-66E9-47B9-B85C-5AE84980DD8C}
		{EAAB21E3-985B-4E1E-9E05-E0B6371EAFB6} = {6A14ABB7-66E9-47B9-B85C-5AE84980DD8C}
		{BED7395F-2D4E-472C-9C03-102FDDCBCC02} = {212B1ACB-5EF9-49BB-BF3C-1494B59F1625}
		{F9A17A8D-9C6A-4219-9D9D-87357A3837B2} = {212B1ACB-5EF9-49BB-BF3C-1494B59F1625}
		{3F27BE4C-8D4E-47BE-BE36-43B6FB176B4A} = {212B1ACB-5EF9-49BB-BF3C-1494B59F1625}
		{B1A9F4BB-DA06-4611-8B81-906AAB6070A3} = {212B1ACB-5EF9-49BB-BF3C-1494B59F1625}
		{BF937835-CF96-42B9-8F44-EC85B218B86C} = {9DDDA0B8-6E20-4555-ADE5-210D6B2A17D5}
	EndGlobalSection
EndGlobal
